// !$*UTF8*$!
{
	archiveVersion = 1;
	classes = {
	};
	objectVersion = 46;
	objects = {

/* Begin PBXBuildFile section */
		210302611DEACBA700DDBB2D /* MovieViewController.swift in Sources */ = {isa = PBXBuildFile; fileRef = 2103025F1DEACBA700DDBB2D /* MovieViewController.swift */; };
		210302621DEACBA700DDBB2D /* MovieViewController.xib in Resources */ = {isa = PBXBuildFile; fileRef = 210302601DEACBA700DDBB2D /* MovieViewController.xib */; };
		210302651DEACBC400DDBB2D /* MovieCollectionCell.swift in Sources */ = {isa = PBXBuildFile; fileRef = 210302631DEACBC400DDBB2D /* MovieCollectionCell.swift */; };
		210302661DEACBC400DDBB2D /* MovieCollectionCell.xib in Resources */ = {isa = PBXBuildFile; fileRef = 210302641DEACBC400DDBB2D /* MovieCollectionCell.xib */; };
		2C595F061B34B73A00355AE7 /* Constants.swift in Sources */ = {isa = PBXBuildFile; fileRef = 2C595F041B34B73A00355AE7 /* Constants.swift */; };
		2C8E6C2B1B16875B0073CE3D /* SignInViewController.swift in Sources */ = {isa = PBXBuildFile; fileRef = 2C8E6C2A1B16875B0073CE3D /* SignInViewController.swift */; };
		2CA807BC1B21702E009AD7F2 /* MeasurementHelper.swift in Sources */ = {isa = PBXBuildFile; fileRef = 2CA807BB1B21702E009AD7F2 /* MeasurementHelper.swift */; };
		2CA807BE1B217B21009AD7F2 /* AppState.swift in Sources */ = {isa = PBXBuildFile; fileRef = 2CA807BD1B217B21009AD7F2 /* AppState.swift */; };
		4C0076BE1DEA81AE00C8F767 /* PluginsViewController.swift in Sources */ = {isa = PBXBuildFile; fileRef = 4C0076BC1DEA81AE00C8F767 /* PluginsViewController.swift */; };
		4C0076BF1DEA81AE00C8F767 /* PluginsViewController.xib in Resources */ = {isa = PBXBuildFile; fileRef = 4C0076BD1DEA81AE00C8F767 /* PluginsViewController.xib */; };
		4C39CD5B1DF4CA2400473AA0 /* MovieMessageCollectionViewCell.swift in Sources */ = {isa = PBXBuildFile; fileRef = 4C39CD591DF4CA2400473AA0 /* MovieMessageCollectionViewCell.swift */; };
		4C39CD5C1DF4CA2400473AA0 /* MovieMessageCollectionViewCell.xib in Resources */ = {isa = PBXBuildFile; fileRef = 4C39CD5A1DF4CA2400473AA0 /* MovieMessageCollectionViewCell.xib */; };
		4C39CD5E1DF52EBB00473AA0 /* TicTacToePayload.swift in Sources */ = {isa = PBXBuildFile; fileRef = 4C39CD5D1DF52EBB00473AA0 /* TicTacToePayload.swift */; };
		4C39CD611DF53D0C00473AA0 /* TicTacToeMessageCollectionViewCell.swift in Sources */ = {isa = PBXBuildFile; fileRef = 4C39CD5F1DF53D0C00473AA0 /* TicTacToeMessageCollectionViewCell.swift */; };
		4C39CD621DF53D0C00473AA0 /* TicTacToeMessageCollectionViewCell.xib in Resources */ = {isa = PBXBuildFile; fileRef = 4C39CD601DF53D0C00473AA0 /* TicTacToeMessageCollectionViewCell.xib */; };
		4C39CD641DF53D2800473AA0 /* MessageCollectionViewCell.swift in Sources */ = {isa = PBXBuildFile; fileRef = 4C39CD631DF53D2800473AA0 /* MessageCollectionViewCell.swift */; };
		4C547F3B1DE758A100A434CB /* Message.swift in Sources */ = {isa = PBXBuildFile; fileRef = 4C547F3A1DE758A100A434CB /* Message.swift */; };
		4C66E48E1DF713EB00F66B38 /* SendMessageProtocol.swift in Sources */ = {isa = PBXBuildFile; fileRef = 4C66E48D1DF713EB00F66B38 /* SendMessageProtocol.swift */; };
		4C6AF7691DF4893300753626 /* MoviePayload.swift in Sources */ = {isa = PBXBuildFile; fileRef = 4C6AF7681DF4893300753626 /* MoviePayload.swift */; };
		4C71F0021E064B0C004D6BA6 /* LZUser.swift in Sources */ = {isa = PBXBuildFile; fileRef = 4C71F0011E064B0C004D6BA6 /* LZUser.swift */; };
		4C72D53C1DE8D68300B9F685 /* PushNotification.swift in Sources */ = {isa = PBXBuildFile; fileRef = 4C72D53B1DE8D68300B9F685 /* PushNotification.swift */; };
		4CB1EBBE1E0CFCA2006CCA2A /* ImageFetchOperation.swift in Sources */ = {isa = PBXBuildFile; fileRef = 4CB1EBBD1E0CFCA2006CCA2A /* ImageFetchOperation.swift */; };
		4CB1EBC01E0D0028006CCA2A /* ConcurrentOperation.swift in Sources */ = {isa = PBXBuildFile; fileRef = 4CB1EBBF1E0D0028006CCA2A /* ConcurrentOperation.swift */; };
		4CB1EBC21E0D0802006CCA2A /* ImageProvider.swift in Sources */ = {isa = PBXBuildFile; fileRef = 4CB1EBC11E0D0802006CCA2A /* ImageProvider.swift */; };
		4CB1EBC51E0DCDB7006CCA2A /* UserListViewController.swift in Sources */ = {isa = PBXBuildFile; fileRef = 4CB1EBC31E0DCDB7006CCA2A /* UserListViewController.swift */; };
		4CB1EBC61E0DCDB7006CCA2A /* UserListViewController.xib in Resources */ = {isa = PBXBuildFile; fileRef = 4CB1EBC41E0DCDB7006CCA2A /* UserListViewController.xib */; };
		4CC6D6631DF140E3006F18FF /* CGRectExtensions.swif.swift in Sources */ = {isa = PBXBuildFile; fileRef = 4CC6D6601DF140E3006F18FF /* CGRectExtensions.swif.swift */; };
		4CC6D6641DF140E3006F18FF /* MultiPageController.swift in Sources */ = {isa = PBXBuildFile; fileRef = 4CC6D6611DF140E3006F18FF /* MultiPageController.swift */; };
		4CC6D6651DF140E3006F18FF /* ScrollView.swift in Sources */ = {isa = PBXBuildFile; fileRef = 4CC6D6621DF140E3006F18FF /* ScrollView.swift */; };
		4CC6D6691DF14184006F18FF /* TicTacToeViewController.swift in Sources */ = {isa = PBXBuildFile; fileRef = 4CC6D6671DF14184006F18FF /* TicTacToeViewController.swift */; };
		4CC6D66A1DF14184006F18FF /* TicTacToeViewController.xib in Resources */ = {isa = PBXBuildFile; fileRef = 4CC6D6681DF14184006F18FF /* TicTacToeViewController.xib */; };
		4CD407F91DF87E1B00B8283D /* AutoResponder.swift in Sources */ = {isa = PBXBuildFile; fileRef = 4CD407F81DF87E1B00B8283D /* AutoResponder.swift */; };
		4CD407FB1DF87F9200B8283D /* eliza-min.js in Resources */ = {isa = PBXBuildFile; fileRef = 4CD407FA1DF87F9200B8283D /* eliza-min.js */; };
		4CDBF0F11DE41BF70010D251 /* GoogleService-Info.plist in Resources */ = {isa = PBXBuildFile; fileRef = 4CDBF0F01DE41BF70010D251 /* GoogleService-Info.plist */; };
		4CDBF0F91DE55CDF0010D251 /* LoginViewController.swift in Sources */ = {isa = PBXBuildFile; fileRef = 4CDBF0F71DE55CDF0010D251 /* LoginViewController.swift */; };
		4CDBF0FA1DE55CDF0010D251 /* LoginViewController.xib in Resources */ = {isa = PBXBuildFile; fileRef = 4CDBF0F81DE55CDF0010D251 /* LoginViewController.xib */; };
		4CDBF0FE1DE56A3B0010D251 /* UserGroupsViewController.swift in Sources */ = {isa = PBXBuildFile; fileRef = 4CDBF0FC1DE56A3B0010D251 /* UserGroupsViewController.swift */; };
		4CDBF0FF1DE56A3B0010D251 /* UserGroupsViewController.xib in Resources */ = {isa = PBXBuildFile; fileRef = 4CDBF0FD1DE56A3B0010D251 /* UserGroupsViewController.xib */; };
		4CDBF1021DE5EB480010D251 /* Group.swift in Sources */ = {isa = PBXBuildFile; fileRef = 4CDBF1011DE5EB480010D251 /* Group.swift */; };
		4CDBF1051DE5F19C0010D251 /* FirebaseUtils.swift in Sources */ = {isa = PBXBuildFile; fileRef = 4CDBF1041DE5F19C0010D251 /* FirebaseUtils.swift */; };
		4CDBF1091DE731410010D251 /* GroupsTableViewCell.swift in Sources */ = {isa = PBXBuildFile; fileRef = 4CDBF1071DE731410010D251 /* GroupsTableViewCell.swift */; };
		4CDBF10A1DE731410010D251 /* GroupsTableViewCell.xib in Resources */ = {isa = PBXBuildFile; fileRef = 4CDBF1081DE731410010D251 /* GroupsTableViewCell.xib */; };
		4CDBF10D1DE73C010010D251 /* GroupMessagesViewController.swift in Sources */ = {isa = PBXBuildFile; fileRef = 4CDBF10B1DE73C010010D251 /* GroupMessagesViewController.swift */; };
		4CECBCA91E03B980004A7562 /* Images.xcassets in Resources */ = {isa = PBXBuildFile; fileRef = 4CECBCA71E03B980004A7562 /* Images.xcassets */; };
		4CECBCAA1E03B980004A7562 /* LaunchScreen.xib in Resources */ = {isa = PBXBuildFile; fileRef = 4CECBCA81E03B980004A7562 /* LaunchScreen.xib */; };
		5F5A537E1ADE67D500F81DF0 /* AppDelegate.swift in Sources */ = {isa = PBXBuildFile; fileRef = 5F5A537D1ADE67D500F81DF0 /* AppDelegate.swift */; };
		AB41A475FE94B1BCBFEC877F /* Pods_LZChat.framework in Frameworks */ = {isa = PBXBuildFile; fileRef = D609ACE247E4C3C4E0023BF1 /* Pods_LZChat.framework */; };
/* End PBXBuildFile section */

/* Begin PBXFileReference section */
		1037935F1BF4256400C88958 /* module.modulemap */ = {isa = PBXFileReference; lastKnownFileType = "sourcecode.module-map"; name = module.modulemap; path = Pods/Firebase/Headers/module.modulemap; sourceTree = "<group>"; };
		107960741C61253B003DB6CC /* Info.plist */ = {isa = PBXFileReference; fileEncoding = 4; lastKnownFileType = text.plist.xml; name = Info.plist; path = ../LZChat/Info.plist; sourceTree = "<group>"; };
		2103025F1DEACBA700DDBB2D /* MovieViewController.swift */ = {isa = PBXFileReference; fileEncoding = 4; lastKnownFileType = sourcecode.swift; name = MovieViewController.swift; path = ../LZChat/Plugins/MovieViewController.swift; sourceTree = "<group>"; };
		210302601DEACBA700DDBB2D /* MovieViewController.xib */ = {isa = PBXFileReference; fileEncoding = 4; lastKnownFileType = file.xib; name = MovieViewController.xib; path = ../LZChat/Plugins/MovieViewController.xib; sourceTree = "<group>"; };
		210302631DEACBC400DDBB2D /* MovieCollectionCell.swift */ = {isa = PBXFileReference; fileEncoding = 4; lastKnownFileType = sourcecode.swift; name = MovieCollectionCell.swift; path = ../LZChat/Views/MovieCollectionCell.swift; sourceTree = "<group>"; };
		210302641DEACBC400DDBB2D /* MovieCollectionCell.xib */ = {isa = PBXFileReference; fileEncoding = 4; lastKnownFileType = file.xib; name = MovieCollectionCell.xib; path = ../LZChat/Views/MovieCollectionCell.xib; sourceTree = "<group>"; };
		2C595F041B34B73A00355AE7 /* Constants.swift */ = {isa = PBXFileReference; fileEncoding = 4; lastKnownFileType = sourcecode.swift; name = Constants.swift; path = ../LZChat/Constants.swift; sourceTree = "<group>"; };
		2C8E6C2A1B16875B0073CE3D /* SignInViewController.swift */ = {isa = PBXFileReference; fileEncoding = 4; lastKnownFileType = sourcecode.swift; name = SignInViewController.swift; path = ../LZChat/SignInViewController.swift; sourceTree = "<group>"; };
		2CA807BB1B21702E009AD7F2 /* MeasurementHelper.swift */ = {isa = PBXFileReference; fileEncoding = 4; lastKnownFileType = sourcecode.swift; name = MeasurementHelper.swift; path = ../LZChat/MeasurementHelper.swift; sourceTree = "<group>"; };
		2CA807BD1B217B21009AD7F2 /* AppState.swift */ = {isa = PBXFileReference; fileEncoding = 4; lastKnownFileType = sourcecode.swift; name = AppState.swift; path = ../LZChat/AppState.swift; sourceTree = "<group>"; };
		4A20ED20C4C6045BD8BEDF3F /* Pods-LZChat.debug.xcconfig */ = {isa = PBXFileReference; includeInIndex = 1; lastKnownFileType = text.xcconfig; name = "Pods-LZChat.debug.xcconfig"; path = "Pods/Target Support Files/Pods-LZChat/Pods-LZChat.debug.xcconfig"; sourceTree = "<group>"; };
		4C0076BC1DEA81AE00C8F767 /* PluginsViewController.swift */ = {isa = PBXFileReference; fileEncoding = 4; lastKnownFileType = sourcecode.swift; name = PluginsViewController.swift; path = ../LZChat/ViewControllers/PluginsViewController.swift; sourceTree = "<group>"; };
		4C0076BD1DEA81AE00C8F767 /* PluginsViewController.xib */ = {isa = PBXFileReference; fileEncoding = 4; lastKnownFileType = file.xib; name = PluginsViewController.xib; path = ../LZChat/ViewControllers/PluginsViewController.xib; sourceTree = "<group>"; };
		4C39CD591DF4CA2400473AA0 /* MovieMessageCollectionViewCell.swift */ = {isa = PBXFileReference; fileEncoding = 4; lastKnownFileType = sourcecode.swift; name = MovieMessageCollectionViewCell.swift; path = ../LZChat/Plugins/MovieMessageCollectionViewCell.swift; sourceTree = "<group>"; };
		4C39CD5A1DF4CA2400473AA0 /* MovieMessageCollectionViewCell.xib */ = {isa = PBXFileReference; fileEncoding = 4; lastKnownFileType = file.xib; name = MovieMessageCollectionViewCell.xib; path = ../LZChat/Plugins/MovieMessageCollectionViewCell.xib; sourceTree = "<group>"; };
		4C39CD5D1DF52EBB00473AA0 /* TicTacToePayload.swift */ = {isa = PBXFileReference; fileEncoding = 4; lastKnownFileType = sourcecode.swift; name = TicTacToePayload.swift; path = ../LZChat/Plugins/TicTacToePayload.swift; sourceTree = "<group>"; };
		4C39CD5F1DF53D0C00473AA0 /* TicTacToeMessageCollectionViewCell.swift */ = {isa = PBXFileReference; fileEncoding = 4; lastKnownFileType = sourcecode.swift; name = TicTacToeMessageCollectionViewCell.swift; path = ../LZChat/Plugins/TicTacToeMessageCollectionViewCell.swift; sourceTree = "<group>"; };
		4C39CD601DF53D0C00473AA0 /* TicTacToeMessageCollectionViewCell.xib */ = {isa = PBXFileReference; fileEncoding = 4; lastKnownFileType = file.xib; name = TicTacToeMessageCollectionViewCell.xib; path = ../LZChat/Plugins/TicTacToeMessageCollectionViewCell.xib; sourceTree = "<group>"; };
		4C39CD631DF53D2800473AA0 /* MessageCollectionViewCell.swift */ = {isa = PBXFileReference; fileEncoding = 4; lastKnownFileType = sourcecode.swift; name = MessageCollectionViewCell.swift; path = ../LZChat/Plugins/MessageCollectionViewCell.swift; sourceTree = "<group>"; };
		4C547F3A1DE758A100A434CB /* Message.swift */ = {isa = PBXFileReference; fileEncoding = 4; lastKnownFileType = sourcecode.swift; name = Message.swift; path = ../LZChat/Models/Message.swift; sourceTree = "<group>"; };
		4C66E48D1DF713EB00F66B38 /* SendMessageProtocol.swift */ = {isa = PBXFileReference; fileEncoding = 4; lastKnownFileType = sourcecode.swift; name = SendMessageProtocol.swift; path = ../LZChat/SendMessageProtocol.swift; sourceTree = "<group>"; };
		4C6AF7681DF4893300753626 /* MoviePayload.swift */ = {isa = PBXFileReference; fileEncoding = 4; lastKnownFileType = sourcecode.swift; name = MoviePayload.swift; path = ../LZChat/Plugins/MoviePayload.swift; sourceTree = "<group>"; };
		4C71F0011E064B0C004D6BA6 /* LZUser.swift */ = {isa = PBXFileReference; fileEncoding = 4; lastKnownFileType = sourcecode.swift; name = LZUser.swift; path = Models/LZUser.swift; sourceTree = "<group>"; };
		4C72D53B1DE8D68300B9F685 /* PushNotification.swift */ = {isa = PBXFileReference; fileEncoding = 4; lastKnownFileType = sourcecode.swift; name = PushNotification.swift; path = ../LZChat/Models/PushNotification.swift; sourceTree = "<group>"; };
		4CB1EBBD1E0CFCA2006CCA2A /* ImageFetchOperation.swift */ = {isa = PBXFileReference; fileEncoding = 4; lastKnownFileType = sourcecode.swift; name = ImageFetchOperation.swift; path = NetworkOperations/ImageFetchOperation.swift; sourceTree = "<group>"; };
		4CB1EBBF1E0D0028006CCA2A /* ConcurrentOperation.swift */ = {isa = PBXFileReference; fileEncoding = 4; lastKnownFileType = sourcecode.swift; name = ConcurrentOperation.swift; path = NetworkOperations/ConcurrentOperation.swift; sourceTree = "<group>"; };
		4CB1EBC11E0D0802006CCA2A /* ImageProvider.swift */ = {isa = PBXFileReference; fileEncoding = 4; lastKnownFileType = sourcecode.swift; name = ImageProvider.swift; path = NetworkOperations/ImageProvider.swift; sourceTree = "<group>"; };
		4CB1EBC31E0DCDB7006CCA2A /* UserListViewController.swift */ = {isa = PBXFileReference; fileEncoding = 4; lastKnownFileType = sourcecode.swift; path = UserListViewController.swift; sourceTree = "<group>"; };
		4CB1EBC41E0DCDB7006CCA2A /* UserListViewController.xib */ = {isa = PBXFileReference; fileEncoding = 4; lastKnownFileType = file.xib; path = UserListViewController.xib; sourceTree = "<group>"; };
		4CC6D6601DF140E3006F18FF /* CGRectExtensions.swif.swift */ = {isa = PBXFileReference; fileEncoding = 4; lastKnownFileType = sourcecode.swift; name = CGRectExtensions.swif.swift; path = ../LZChat/MultiPageController/CGRectExtensions.swif.swift; sourceTree = "<group>"; };
		4CC6D6611DF140E3006F18FF /* MultiPageController.swift */ = {isa = PBXFileReference; fileEncoding = 4; lastKnownFileType = sourcecode.swift; name = MultiPageController.swift; path = ../LZChat/MultiPageController/MultiPageController.swift; sourceTree = "<group>"; };
		4CC6D6621DF140E3006F18FF /* ScrollView.swift */ = {isa = PBXFileReference; fileEncoding = 4; lastKnownFileType = sourcecode.swift; name = ScrollView.swift; path = ../LZChat/MultiPageController/ScrollView.swift; sourceTree = "<group>"; };
		4CC6D6671DF14184006F18FF /* TicTacToeViewController.swift */ = {isa = PBXFileReference; fileEncoding = 4; lastKnownFileType = sourcecode.swift; name = TicTacToeViewController.swift; path = ../LZChat/Plugins/TicTacToeViewController.swift; sourceTree = "<group>"; };
		4CC6D6681DF14184006F18FF /* TicTacToeViewController.xib */ = {isa = PBXFileReference; fileEncoding = 4; lastKnownFileType = file.xib; name = TicTacToeViewController.xib; path = ../LZChat/Plugins/TicTacToeViewController.xib; sourceTree = "<group>"; };
		4CD407F81DF87E1B00B8283D /* AutoResponder.swift */ = {isa = PBXFileReference; fileEncoding = 4; lastKnownFileType = sourcecode.swift; name = AutoResponder.swift; path = ../LZChat/AutoResponder.swift; sourceTree = "<group>"; };
		4CD407FA1DF87F9200B8283D /* eliza-min.js */ = {isa = PBXFileReference; fileEncoding = 4; lastKnownFileType = sourcecode.javascript; name = "eliza-min.js"; path = "../LZChat/eliza-min.js"; sourceTree = "<group>"; };
		4CDBF0F01DE41BF70010D251 /* GoogleService-Info.plist */ = {isa = PBXFileReference; fileEncoding = 4; lastKnownFileType = text.plist.xml; path = "GoogleService-Info.plist"; sourceTree = "<group>"; };
		4CDBF0F21DE41F1F0010D251 /* LZChat-Bridging-Header.h */ = {isa = PBXFileReference; lastKnownFileType = sourcecode.c.h; name = "LZChat-Bridging-Header.h"; path = "../LZChat/LZChat-Bridging-Header.h"; sourceTree = "<group>"; };
		4CDBF0F71DE55CDF0010D251 /* LoginViewController.swift */ = {isa = PBXFileReference; fileEncoding = 4; lastKnownFileType = sourcecode.swift; name = LoginViewController.swift; path = ../LZChat/ViewControllers/LoginViewController.swift; sourceTree = "<group>"; };
		4CDBF0F81DE55CDF0010D251 /* LoginViewController.xib */ = {isa = PBXFileReference; fileEncoding = 4; lastKnownFileType = file.xib; name = LoginViewController.xib; path = ../LZChat/ViewControllers/LoginViewController.xib; sourceTree = "<group>"; };
		4CDBF0FC1DE56A3B0010D251 /* UserGroupsViewController.swift */ = {isa = PBXFileReference; fileEncoding = 4; lastKnownFileType = sourcecode.swift; name = UserGroupsViewController.swift; path = ../LZChat/ViewControllers/UserGroupsViewController.swift; sourceTree = "<group>"; };
		4CDBF0FD1DE56A3B0010D251 /* UserGroupsViewController.xib */ = {isa = PBXFileReference; fileEncoding = 4; lastKnownFileType = file.xib; name = UserGroupsViewController.xib; path = ../LZChat/ViewControllers/UserGroupsViewController.xib; sourceTree = "<group>"; };
		4CDBF1011DE5EB480010D251 /* Group.swift */ = {isa = PBXFileReference; fileEncoding = 4; lastKnownFileType = sourcecode.swift; name = Group.swift; path = ../LZChat/Group.swift; sourceTree = "<group>"; };
		4CDBF1041DE5F19C0010D251 /* FirebaseUtils.swift */ = {isa = PBXFileReference; fileEncoding = 4; lastKnownFileType = sourcecode.swift; name = FirebaseUtils.swift; path = ../LZChat/FirebaseUtils.swift; sourceTree = "<group>"; };
		4CDBF1071DE731410010D251 /* GroupsTableViewCell.swift */ = {isa = PBXFileReference; fileEncoding = 4; lastKnownFileType = sourcecode.swift; name = GroupsTableViewCell.swift; path = ../LZChat/Views/GroupsTableViewCell.swift; sourceTree = "<group>"; };
		4CDBF1081DE731410010D251 /* GroupsTableViewCell.xib */ = {isa = PBXFileReference; fileEncoding = 4; lastKnownFileType = file.xib; name = GroupsTableViewCell.xib; path = ../LZChat/Views/GroupsTableViewCell.xib; sourceTree = "<group>"; };
		4CDBF10B1DE73C010010D251 /* GroupMessagesViewController.swift */ = {isa = PBXFileReference; fileEncoding = 4; lastKnownFileType = sourcecode.swift; name = GroupMessagesViewController.swift; path = ../LZChat/ViewControllers/GroupMessagesViewController.swift; sourceTree = "<group>"; };
		4CECBCA71E03B980004A7562 /* Images.xcassets */ = {isa = PBXFileReference; lastKnownFileType = folder.assetcatalog; name = Images.xcassets; path = shared/Images.xcassets; sourceTree = SOURCE_ROOT; };
		4CECBCA81E03B980004A7562 /* LaunchScreen.xib */ = {isa = PBXFileReference; fileEncoding = 4; lastKnownFileType = file.xib; name = LaunchScreen.xib; path = shared/LaunchScreen.xib; sourceTree = SOURCE_ROOT; };
		4CECBCAB1E03C684004A7562 /* LZChat.entitlements */ = {isa = PBXFileReference; lastKnownFileType = text.plist.entitlements; path = LZChat.entitlements; sourceTree = "<group>"; };
		5F5A53791ADE67D500F81DF0 /* LZChat.app */ = {isa = PBXFileReference; explicitFileType = wrapper.application; includeInIndex = 0; path = LZChat.app; sourceTree = BUILT_PRODUCTS_DIR; };
		5F5A537D1ADE67D500F81DF0 /* AppDelegate.swift */ = {isa = PBXFileReference; lastKnownFileType = sourcecode.swift; name = AppDelegate.swift; path = ../LZChat/AppDelegate.swift; sourceTree = "<group>"; };
		9AFD1539501FC1BD726444A9 /* Pods-LZChat.release.xcconfig */ = {isa = PBXFileReference; includeInIndex = 1; lastKnownFileType = text.xcconfig; name = "Pods-LZChat.release.xcconfig"; path = "Pods/Target Support Files/Pods-LZChat/Pods-LZChat.release.xcconfig"; sourceTree = "<group>"; };
		D609ACE247E4C3C4E0023BF1 /* Pods_LZChat.framework */ = {isa = PBXFileReference; explicitFileType = wrapper.framework; includeInIndex = 0; path = Pods_LZChat.framework; sourceTree = BUILT_PRODUCTS_DIR; };
/* End PBXFileReference section */

/* Begin PBXFrameworksBuildPhase section */
		5F5A53761ADE67D500F81DF0 /* Frameworks */ = {
			isa = PBXFrameworksBuildPhase;
			buildActionMask = 2147483647;
			files = (
				AB41A475FE94B1BCBFEC877F /* Pods_LZChat.framework in Frameworks */,
			);
			runOnlyForDeploymentPostprocessing = 0;
		};
/* End PBXFrameworksBuildPhase section */

/* Begin PBXGroup section */
		4CB1EBBC1E0CF743006CCA2A /* NetworkOperations */ = {
			isa = PBXGroup;
			children = (
				4CB1EBBD1E0CFCA2006CCA2A /* ImageFetchOperation.swift */,
				4CB1EBC11E0D0802006CCA2A /* ImageProvider.swift */,
				4CB1EBBF1E0D0028006CCA2A /* ConcurrentOperation.swift */,
			);
			name = NetworkOperations;
			sourceTree = "<group>";
		};
		4CC6D6591DF13031006F18FF /* MultiPageController */ = {
			isa = PBXGroup;
			children = (
				4CC6D6601DF140E3006F18FF /* CGRectExtensions.swif.swift */,
				4CC6D6611DF140E3006F18FF /* MultiPageController.swift */,
				4CC6D6621DF140E3006F18FF /* ScrollView.swift */,
			);
			name = MultiPageController;
			sourceTree = "<group>";
		};
		4CC6D6661DF14133006F18FF /* Plugins */ = {
			isa = PBXGroup;
			children = (
				4C6AF7681DF4893300753626 /* MoviePayload.swift */,
				4C39CD5D1DF52EBB00473AA0 /* TicTacToePayload.swift */,
				4C39CD631DF53D2800473AA0 /* MessageCollectionViewCell.swift */,
				4C39CD5F1DF53D0C00473AA0 /* TicTacToeMessageCollectionViewCell.swift */,
				4C39CD601DF53D0C00473AA0 /* TicTacToeMessageCollectionViewCell.xib */,
				4C39CD591DF4CA2400473AA0 /* MovieMessageCollectionViewCell.swift */,
				4C39CD5A1DF4CA2400473AA0 /* MovieMessageCollectionViewCell.xib */,
				2103025F1DEACBA700DDBB2D /* MovieViewController.swift */,
				210302601DEACBA700DDBB2D /* MovieViewController.xib */,
				4CC6D6671DF14184006F18FF /* TicTacToeViewController.swift */,
				4CC6D6681DF14184006F18FF /* TicTacToeViewController.xib */,
			);
			name = Plugins;
			sourceTree = "<group>";
		};
		4CDBF0FB1DE55CEB0010D251 /* ViewControllers */ = {
			isa = PBXGroup;
			children = (
				4CDBF0F71DE55CDF0010D251 /* LoginViewController.swift */,
				4CDBF0F81DE55CDF0010D251 /* LoginViewController.xib */,
				4C0076BC1DEA81AE00C8F767 /* PluginsViewController.swift */,
				4C0076BD1DEA81AE00C8F767 /* PluginsViewController.xib */,
				4CB1EBC31E0DCDB7006CCA2A /* UserListViewController.swift */,
				4CB1EBC41E0DCDB7006CCA2A /* UserListViewController.xib */,
				4CDBF0FC1DE56A3B0010D251 /* UserGroupsViewController.swift */,
				4CDBF0FD1DE56A3B0010D251 /* UserGroupsViewController.xib */,
				4CDBF10B1DE73C010010D251 /* GroupMessagesViewController.swift */,
			);
			name = ViewControllers;
			sourceTree = "<group>";
		};
		4CDBF1001DE5EB2A0010D251 /* Models */ = {
			isa = PBXGroup;
			children = (
				4CDBF1011DE5EB480010D251 /* Group.swift */,
				4C71F0011E064B0C004D6BA6 /* LZUser.swift */,
				4C547F3A1DE758A100A434CB /* Message.swift */,
				4C72D53B1DE8D68300B9F685 /* PushNotification.swift */,
			);
			name = Models;
			sourceTree = "<group>";
		};
		4CDBF1031DE5F1490010D251 /* Utils */ = {
			isa = PBXGroup;
			children = (
				4CD407F81DF87E1B00B8283D /* AutoResponder.swift */,
				4CD407FA1DF87F9200B8283D /* eliza-min.js */,
				4C66E48D1DF713EB00F66B38 /* SendMessageProtocol.swift */,
				4CDBF1041DE5F19C0010D251 /* FirebaseUtils.swift */,
			);
			name = Utils;
			sourceTree = "<group>";
		};
		4CDBF1061DE730F60010D251 /* Views */ = {
			isa = PBXGroup;
			children = (
				210302631DEACBC400DDBB2D /* MovieCollectionCell.swift */,
				210302641DEACBC400DDBB2D /* MovieCollectionCell.xib */,
				4CDBF1071DE731410010D251 /* GroupsTableViewCell.swift */,
				4CDBF1081DE731410010D251 /* GroupsTableViewCell.xib */,
			);
			name = Views;
			sourceTree = "<group>";
		};
		5F5A53431ADE670C00F81DF0 = {
			isa = PBXGroup;
			children = (
				4CDBF0F01DE41BF70010D251 /* GoogleService-Info.plist */,
				5F5A537A1ADE67D500F81DF0 /* LZChat */,
				5F5A534D1ADE670C00F81DF0 /* Products */,
				AD1F1C80A93A096F652504F5 /* Frameworks */,
				B26D6EFFCB83B34AA2F48ED8 /* Pods */,
			);
			sourceTree = "<group>";
		};
		5F5A534D1ADE670C00F81DF0 /* Products */ = {
			isa = PBXGroup;
			children = (
				5F5A53791ADE67D500F81DF0 /* LZChat.app */,
			);
			name = Products;
			sourceTree = "<group>";
		};
		5F5A537A1ADE67D500F81DF0 /* LZChat */ = {
			isa = PBXGroup;
			children = (
				4CECBCAB1E03C684004A7562 /* LZChat.entitlements */,
				4CC6D6661DF14133006F18FF /* Plugins */,
				4CC6D6591DF13031006F18FF /* MultiPageController */,
				5F5A537D1ADE67D500F81DF0 /* AppDelegate.swift */,
				4CDBF1031DE5F1490010D251 /* Utils */,
				4CDBF1001DE5EB2A0010D251 /* Models */,
				4CDBF0FB1DE55CEB0010D251 /* ViewControllers */,
				4CDBF1061DE730F60010D251 /* Views */,
				2CA807BB1B21702E009AD7F2 /* MeasurementHelper.swift */,
				2C8E6C2A1B16875B0073CE3D /* SignInViewController.swift */,
				2CA807BD1B217B21009AD7F2 /* AppState.swift */,
				2C595F041B34B73A00355AE7 /* Constants.swift */,
				4CB1EBBC1E0CF743006CCA2A /* NetworkOperations */,
				5F5A537B1ADE67D500F81DF0 /* Supporting Files */,
			);
			path = LZChat;
			sourceTree = "<group>";
		};
		5F5A537B1ADE67D500F81DF0 /* Supporting Files */ = {
			isa = PBXGroup;
			children = (
				4CECBCA71E03B980004A7562 /* Images.xcassets */,
				4CECBCA81E03B980004A7562 /* LaunchScreen.xib */,
				4CDBF0F21DE41F1F0010D251 /* LZChat-Bridging-Header.h */,
				107960741C61253B003DB6CC /* Info.plist */,
			);
			name = "Supporting Files";
			sourceTree = "<group>";
		};
		AD1F1C80A93A096F652504F5 /* Frameworks */ = {
			isa = PBXGroup;
			children = (
				1037935F1BF4256400C88958 /* module.modulemap */,
				D609ACE247E4C3C4E0023BF1 /* Pods_LZChat.framework */,
			);
			name = Frameworks;
			sourceTree = "<group>";
		};
		B26D6EFFCB83B34AA2F48ED8 /* Pods */ = {
			isa = PBXGroup;
			children = (
				4A20ED20C4C6045BD8BEDF3F /* Pods-LZChat.debug.xcconfig */,
				9AFD1539501FC1BD726444A9 /* Pods-LZChat.release.xcconfig */,
			);
			name = Pods;
			sourceTree = "<group>";
		};
/* End PBXGroup section */

/* Begin PBXNativeTarget section */
		5F5A53781ADE67D500F81DF0 /* LZChat */ = {
			isa = PBXNativeTarget;
			buildConfigurationList = 5F5A53991ADE67D500F81DF0 /* Build configuration list for PBXNativeTarget "LZChat" */;
			buildPhases = (
				BFCA0B40802146CD9C951748 /* [CP] Check Pods Manifest.lock */,
				5F5A53751ADE67D500F81DF0 /* Sources */,
				5F5A53761ADE67D500F81DF0 /* Frameworks */,
				5F5A53771ADE67D500F81DF0 /* Resources */,
				21DD57826230F7280BCB8AB6 /* [CP] Embed Pods Frameworks */,
				3CF86B3CD5459067CDA83A7A /* [CP] Copy Pods Resources */,
			);
			buildRules = (
			);
			dependencies = (
			);
			name = LZChat;
			productName = FriendlyPingSwift;
			productReference = 5F5A53791ADE67D500F81DF0 /* LZChat.app */;
			productType = "com.apple.product-type.application";
		};
/* End PBXNativeTarget section */

/* Begin PBXProject section */
		5F5A53441ADE670C00F81DF0 /* Project object */ = {
			isa = PBXProject;
			attributes = {
				LastSwiftUpdateCheck = 0710;
				LastUpgradeCheck = 0720;
				ORGANIZATIONNAME = "Google Inc.";
				TargetAttributes = {
					5F5A53781ADE67D500F81DF0 = {
						CreatedOnToolsVersion = 6.3;
						DevelopmentTeam = 66B39E622U;
						LastSwiftMigration = 0800;
						SystemCapabilities = {
							com.apple.BackgroundModes = {
								enabled = 1;
							};
							com.apple.Push = {
								enabled = 1;
							};
						};
					};
				};
			};
			buildConfigurationList = 5F5A53471ADE670C00F81DF0 /* Build configuration list for PBXProject "LZChat" */;
			compatibilityVersion = "Xcode 3.2";
			developmentRegion = English;
			hasScannedForEncodings = 0;
			knownRegions = (
				en,
				Base,
			);
			mainGroup = 5F5A53431ADE670C00F81DF0;
			productRefGroup = 5F5A534D1ADE670C00F81DF0 /* Products */;
			projectDirPath = "";
			projectRoot = "";
			targets = (
				5F5A53781ADE67D500F81DF0 /* LZChat */,
			);
		};
/* End PBXProject section */

/* Begin PBXResourcesBuildPhase section */
		5F5A53771ADE67D500F81DF0 /* Resources */ = {
			isa = PBXResourcesBuildPhase;
			buildActionMask = 2147483647;
			files = (
				4CC6D66A1DF14184006F18FF /* TicTacToeViewController.xib in Resources */,
				4CD407FB1DF87F9200B8283D /* eliza-min.js in Resources */,
				4C39CD5C1DF4CA2400473AA0 /* MovieMessageCollectionViewCell.xib in Resources */,
				4CDBF0FA1DE55CDF0010D251 /* LoginViewController.xib in Resources */,
				4C0076BF1DEA81AE00C8F767 /* PluginsViewController.xib in Resources */,
				4CDBF10A1DE731410010D251 /* GroupsTableViewCell.xib in Resources */,
				4C39CD621DF53D0C00473AA0 /* TicTacToeMessageCollectionViewCell.xib in Resources */,
				4CB1EBC61E0DCDB7006CCA2A /* UserListViewController.xib in Resources */,
				210302661DEACBC400DDBB2D /* MovieCollectionCell.xib in Resources */,
				4CDBF0F11DE41BF70010D251 /* GoogleService-Info.plist in Resources */,
				4CECBCAA1E03B980004A7562 /* LaunchScreen.xib in Resources */,
				4CECBCA91E03B980004A7562 /* Images.xcassets in Resources */,
				4CDBF0FF1DE56A3B0010D251 /* UserGroupsViewController.xib in Resources */,
				210302621DEACBA700DDBB2D /* MovieViewController.xib in Resources */,
			);
			runOnlyForDeploymentPostprocessing = 0;
		};
/* End PBXResourcesBuildPhase section */

/* Begin PBXShellScriptBuildPhase section */
		21DD57826230F7280BCB8AB6 /* [CP] Embed Pods Frameworks */ = {
			isa = PBXShellScriptBuildPhase;
			buildActionMask = 2147483647;
			files = (
			);
			inputPaths = (
			);
			name = "[CP] Embed Pods Frameworks";
			outputPaths = (
			);
			runOnlyForDeploymentPostprocessing = 0;
			shellPath = /bin/sh;
			shellScript = "\"${SRCROOT}/Pods/Target Support Files/Pods-LZChat/Pods-LZChat-frameworks.sh\"\n";
			showEnvVarsInLog = 0;
		};
		3CF86B3CD5459067CDA83A7A /* [CP] Copy Pods Resources */ = {
			isa = PBXShellScriptBuildPhase;
			buildActionMask = 2147483647;
			files = (
			);
			inputPaths = (
			);
			name = "[CP] Copy Pods Resources";
			outputPaths = (
			);
			runOnlyForDeploymentPostprocessing = 0;
			shellPath = /bin/sh;
			shellScript = "\"${SRCROOT}/Pods/Target Support Files/Pods-LZChat/Pods-LZChat-resources.sh\"\n";
			showEnvVarsInLog = 0;
		};
		BFCA0B40802146CD9C951748 /* [CP] Check Pods Manifest.lock */ = {
			isa = PBXShellScriptBuildPhase;
			buildActionMask = 2147483647;
			files = (
			);
			inputPaths = (
			);
			name = "[CP] Check Pods Manifest.lock";
			outputPaths = (
			);
			runOnlyForDeploymentPostprocessing = 0;
			shellPath = /bin/sh;
			shellScript = "diff \"${PODS_ROOT}/../Podfile.lock\" \"${PODS_ROOT}/Manifest.lock\" > /dev/null\nif [[ $? != 0 ]] ; then\n    cat << EOM\nerror: The sandbox is not in sync with the Podfile.lock. Run 'pod install' or update your CocoaPods installation.\nEOM\n    exit 1\nfi\n";
			showEnvVarsInLog = 0;
		};
/* End PBXShellScriptBuildPhase section */

/* Begin PBXSourcesBuildPhase section */
		5F5A53751ADE67D500F81DF0 /* Sources */ = {
			isa = PBXSourcesBuildPhase;
			buildActionMask = 2147483647;
			files = (
				210302651DEACBC400DDBB2D /* MovieCollectionCell.swift in Sources */,
				4C39CD641DF53D2800473AA0 /* MessageCollectionViewCell.swift in Sources */,
				4CC6D6651DF140E3006F18FF /* ScrollView.swift in Sources */,
				4C72D53C1DE8D68300B9F685 /* PushNotification.swift in Sources */,
				4CDBF1021DE5EB480010D251 /* Group.swift in Sources */,
				4CDBF0F91DE55CDF0010D251 /* LoginViewController.swift in Sources */,
				2C8E6C2B1B16875B0073CE3D /* SignInViewController.swift in Sources */,
				2CA807BE1B217B21009AD7F2 /* AppState.swift in Sources */,
				4CC6D6691DF14184006F18FF /* TicTacToeViewController.swift in Sources */,
				4CC6D6641DF140E3006F18FF /* MultiPageController.swift in Sources */,
				4C6AF7691DF4893300753626 /* MoviePayload.swift in Sources */,
				4C66E48E1DF713EB00F66B38 /* SendMessageProtocol.swift in Sources */,
				4CDBF10D1DE73C010010D251 /* GroupMessagesViewController.swift in Sources */,
				4C39CD5E1DF52EBB00473AA0 /* TicTacToePayload.swift in Sources */,
				5F5A537E1ADE67D500F81DF0 /* AppDelegate.swift in Sources */,
				4CDBF1051DE5F19C0010D251 /* FirebaseUtils.swift in Sources */,
				4CC6D6631DF140E3006F18FF /* CGRectExtensions.swif.swift in Sources */,
				4CB1EBC51E0DCDB7006CCA2A /* UserListViewController.swift in Sources */,
				4CDBF1091DE731410010D251 /* GroupsTableViewCell.swift in Sources */,
				4C547F3B1DE758A100A434CB /* Message.swift in Sources */,
				2CA807BC1B21702E009AD7F2 /* MeasurementHelper.swift in Sources */,
				4CB1EBC21E0D0802006CCA2A /* ImageProvider.swift in Sources */,
				4CD407F91DF87E1B00B8283D /* AutoResponder.swift in Sources */,
				4CB1EBBE1E0CFCA2006CCA2A /* ImageFetchOperation.swift in Sources */,
				4CB1EBC01E0D0028006CCA2A /* ConcurrentOperation.swift in Sources */,
				210302611DEACBA700DDBB2D /* MovieViewController.swift in Sources */,
				2C595F061B34B73A00355AE7 /* Constants.swift in Sources */,
				4C39CD5B1DF4CA2400473AA0 /* MovieMessageCollectionViewCell.swift in Sources */,
				4C71F0021E064B0C004D6BA6 /* LZUser.swift in Sources */,
				4CDBF0FE1DE56A3B0010D251 /* UserGroupsViewController.swift in Sources */,
				4C0076BE1DEA81AE00C8F767 /* PluginsViewController.swift in Sources */,
				4C39CD611DF53D0C00473AA0 /* TicTacToeMessageCollectionViewCell.swift in Sources */,
			);
			runOnlyForDeploymentPostprocessing = 0;
		};
/* End PBXSourcesBuildPhase section */

/* Begin XCBuildConfiguration section */
		5F5A536D1ADE670C00F81DF0 /* Debug */ = {
			isa = XCBuildConfiguration;
			buildSettings = {
				ALWAYS_SEARCH_USER_PATHS = NO;
				CLANG_CXX_LANGUAGE_STANDARD = "gnu++0x";
				CLANG_CXX_LIBRARY = "libc++";
				CLANG_ENABLE_MODULES = YES;
				CLANG_ENABLE_OBJC_ARC = YES;
				CLANG_WARN_BOOL_CONVERSION = YES;
				CLANG_WARN_CONSTANT_CONVERSION = YES;
				CLANG_WARN_DIRECT_OBJC_ISA_USAGE = YES_ERROR;
				CLANG_WARN_EMPTY_BODY = YES;
				CLANG_WARN_ENUM_CONVERSION = YES;
				CLANG_WARN_INT_CONVERSION = YES;
				CLANG_WARN_OBJC_ROOT_CLASS = YES_ERROR;
				CLANG_WARN_UNREACHABLE_CODE = YES;
				CLANG_WARN__DUPLICATE_METHOD_MATCH = YES;
				CODE_SIGN_IDENTITY = "iPhone Developer: Google Development (3F4Y5873JF)";
				"CODE_SIGN_IDENTITY[sdk=iphoneos*]" = "iPhone Developer: Google Development (3F4Y5873JF)";
				COPY_PHASE_STRIP = NO;
				ENABLE_STRICT_OBJC_MSGSEND = YES;
				ENABLE_TESTABILITY = YES;
				GCC_C_LANGUAGE_STANDARD = gnu99;
				GCC_DYNAMIC_NO_PIC = NO;
				GCC_NO_COMMON_BLOCKS = YES;
				GCC_OPTIMIZATION_LEVEL = 0;
				GCC_PREPROCESSOR_DEFINITIONS = (
					"DEBUG=1",
					"$(inherited)",
				);
				GCC_SYMBOLS_PRIVATE_EXTERN = NO;
				GCC_WARN_64_TO_32_BIT_CONVERSION = YES;
				GCC_WARN_ABOUT_RETURN_TYPE = YES_ERROR;
				GCC_WARN_UNDECLARED_SELECTOR = YES;
				GCC_WARN_UNINITIALIZED_AUTOS = YES_AGGRESSIVE;
				GCC_WARN_UNUSED_FUNCTION = YES;
				GCC_WARN_UNUSED_VARIABLE = YES;
				IPHONEOS_DEPLOYMENT_TARGET = 8.0;
				MTL_ENABLE_DEBUG_INFO = YES;
				ONLY_ACTIVE_ARCH = YES;
				PROVISIONING_PROFILE = "65c2088b-2425-4961-b6d5-0256d4790678";
				SDKROOT = iphoneos;
				TARGETED_DEVICE_FAMILY = "1,2";
			};
			name = Debug;
		};
		5F5A536E1ADE670C00F81DF0 /* Release */ = {
			isa = XCBuildConfiguration;
			buildSettings = {
				ALWAYS_SEARCH_USER_PATHS = NO;
				CLANG_CXX_LANGUAGE_STANDARD = "gnu++0x";
				CLANG_CXX_LIBRARY = "libc++";
				CLANG_ENABLE_MODULES = YES;
				CLANG_ENABLE_OBJC_ARC = YES;
				CLANG_WARN_BOOL_CONVERSION = YES;
				CLANG_WARN_CONSTANT_CONVERSION = YES;
				CLANG_WARN_DIRECT_OBJC_ISA_USAGE = YES_ERROR;
				CLANG_WARN_EMPTY_BODY = YES;
				CLANG_WARN_ENUM_CONVERSION = YES;
				CLANG_WARN_INT_CONVERSION = YES;
				CLANG_WARN_OBJC_ROOT_CLASS = YES_ERROR;
				CLANG_WARN_UNREACHABLE_CODE = YES;
				CLANG_WARN__DUPLICATE_METHOD_MATCH = YES;
				CODE_SIGN_IDENTITY = "iPhone Developer: Google Development (3F4Y5873JF)";
				"CODE_SIGN_IDENTITY[sdk=iphoneos*]" = "iPhone Developer: Google Development (3F4Y5873JF)";
				COPY_PHASE_STRIP = YES;
				ENABLE_NS_ASSERTIONS = NO;
				ENABLE_STRICT_OBJC_MSGSEND = YES;
				GCC_C_LANGUAGE_STANDARD = gnu99;
				GCC_NO_COMMON_BLOCKS = YES;
				GCC_WARN_64_TO_32_BIT_CONVERSION = YES;
				GCC_WARN_ABOUT_RETURN_TYPE = YES_ERROR;
				GCC_WARN_UNDECLARED_SELECTOR = YES;
				GCC_WARN_UNINITIALIZED_AUTOS = YES_AGGRESSIVE;
				GCC_WARN_UNUSED_FUNCTION = YES;
				GCC_WARN_UNUSED_VARIABLE = YES;
				IPHONEOS_DEPLOYMENT_TARGET = 8.0;
				MTL_ENABLE_DEBUG_INFO = NO;
				PROVISIONING_PROFILE = "65c2088b-2425-4961-b6d5-0256d4790678";
				SDKROOT = iphoneos;
				TARGETED_DEVICE_FAMILY = "1,2";
				VALIDATE_PRODUCT = YES;
			};
			name = Release;
		};
		5F5A53951ADE67D500F81DF0 /* Debug */ = {
			isa = XCBuildConfiguration;
			baseConfigurationReference = 4A20ED20C4C6045BD8BEDF3F /* Pods-LZChat.debug.xcconfig */;
			buildSettings = {
				ASSETCATALOG_COMPILER_APPICON_NAME = AppIcon;
				ASSETCATALOG_COMPILER_LAUNCHIMAGE_NAME = LaunchImage;
				CLANG_ENABLE_MODULES = YES;
				CODE_SIGN_ENTITLEMENTS = LZChat/LZChat.entitlements;
				CODE_SIGN_IDENTITY = "iPhone Developer";
				"CODE_SIGN_IDENTITY[sdk=iphoneos*]" = "iPhone Developer";
				DEVELOPMENT_TEAM = 66B39E622U;
				ENABLE_BITCODE = NO;
				INFOPLIST_FILE = "$(SRCROOT)/LZChat/Info.plist";
				IPHONEOS_DEPLOYMENT_TARGET = 9.2;
				LD_RUNPATH_SEARCH_PATHS = "$(inherited) @executable_path/Frameworks";
				PRODUCT_BUNDLE_IDENTIFIER = com.lzchat.LZChat;
				PRODUCT_NAME = LZChat;
				PROVISIONING_PROFILE = "";
				SWIFT_OBJC_BRIDGING_HEADER = "LZChat/LZChat-Bridging-Header.h";
				SWIFT_OPTIMIZATION_LEVEL = "-Onone";
				SWIFT_VERSION = 3.0;
			};
			name = Debug;
		};
		5F5A53961ADE67D500F81DF0 /* Release */ = {
			isa = XCBuildConfiguration;
			baseConfigurationReference = 9AFD1539501FC1BD726444A9 /* Pods-LZChat.release.xcconfig */;
			buildSettings = {
				ASSETCATALOG_COMPILER_APPICON_NAME = AppIcon;
				ASSETCATALOG_COMPILER_LAUNCHIMAGE_NAME = LaunchImage;
				CLANG_ENABLE_MODULES = YES;
				CODE_SIGN_ENTITLEMENTS = LZChat/LZChat.entitlements;
				CODE_SIGN_IDENTITY = "iPhone Developer";
				"CODE_SIGN_IDENTITY[sdk=iphoneos*]" = "iPhone Developer";
				DEVELOPMENT_TEAM = 66B39E622U;
				ENABLE_BITCODE = NO;
				INFOPLIST_FILE = "$(SRCROOT)/LZChat/Info.plist";
				IPHONEOS_DEPLOYMENT_TARGET = 9.2;
				LD_RUNPATH_SEARCH_PATHS = "$(inherited) @executable_path/Frameworks";
				PRODUCT_BUNDLE_IDENTIFIER = com.lzchat.LZChat;
				PRODUCT_NAME = LZChat;
				PROVISIONING_PROFILE = "";
				SWIFT_OBJC_BRIDGING_HEADER = "LZChat/LZChat-Bridging-Header.h";
				SWIFT_VERSION = 3.0;
			};
			name = Release;
		};
/* End XCBuildConfiguration section */

/* Begin XCConfigurationList section */
		5F5A53471ADE670C00F81DF0 /* Build configuration list for PBXProject "LZChat" */ = {
			isa = XCConfigurationList;
			buildConfigurations = (
				5F5A536D1ADE670C00F81DF0 /* Debug */,
				5F5A536E1ADE670C00F81DF0 /* Release */,
			);
			defaultConfigurationIsVisible = 0;
			defaultConfigurationName = Release;
		};
		5F5A53991ADE67D500F81DF0 /* Build configuration list for PBXNativeTarget "LZChat" */ = {
			isa = XCConfigurationList;
			buildConfigurations = (
				5F5A53951ADE67D500F81DF0 /* Debug */,
				5F5A53961ADE67D500F81DF0 /* Release */,
			);
			defaultConfigurationIsVisible = 0;
			defaultConfigurationName = Release;
		};
/* End XCConfigurationList section */
	};
	rootObject = 5F5A53441ADE670C00F81DF0 /* Project object */;
}
